
Microsoft Visual Studio Solution File, Format Version 12.00
# Visual Studio Version 17
VisualStudioVersion = 17.9.34701.34
MinimumVisualStudioVersion = 10.0.40219.1
Project("{FAE04EC0-301F-11D3-BF4B-00C04F79EFBC}") = "DomainDrivenDesign.Api", "DomainDrivenDesign.Api\DomainDrivenDesign.Api.csproj", "{91E39113-E4B5-4A8D-B9B5-0FB042489409}"
EndProject
Project("{FAE04EC0-301F-11D3-BF4B-00C04F79EFBC}") = "DomainDrivenDesign.Domain", "DomainDrivenDesign.Domain\DomainDrivenDesign.Domain.csproj", "{DF8D05FD-53E2-47DF-A307-DF5384CDF66F}"
EndProject
Project("{FAE04EC0-301F-11D3-BF4B-00C04F79EFBC}") = "CDomainDrivenDesign.Infraestructure", "CDomainDrivenDesign.Infraestructure\CDomainDrivenDesign.Infraestructure.csproj", "{EE63EE29-87E3-4080-8AB2-0BE8F29E2CE0}"
EndProject
Project("{FAE04EC0-301F-11D3-BF4B-00C04F79EFBC}") = "DomainDrivenDesign.Application", "DomainDrivenDesign.Application\DomainDrivenDesign.Application.csproj", "{6C452477-F942-42B7-B58A-B27D07738F7E}"
EndProject
Global
	GlobalSection(SolutionConfigurationPlatforms) = preSolution
		Debug|Any CPU = Debug|Any CPU
		Release|Any CPU = Release|Any CPU
	EndGlobalSection
	GlobalSection(ProjectConfigurationPlatforms) = postSolution
		{91E39113-E4B5-4A8D-B9B5-0FB042489409}.Debug|Any CPU.ActiveCfg = Debug|Any CPU
		{91E39113-E4B5-4A8D-B9B5-0FB042489409}.Debug|Any CPU.Build.0 = Debug|Any CPU
		{91E39113-E4B5-4A8D-B9B5-0FB042489409}.Release|Any CPU.ActiveCfg = Release|Any CPU
		{91E39113-E4B5-4A8D-B9B5-0FB042489409}.Release|Any CPU.Build.0 = Release|Any CPU
		{DF8D05FD-53E2-47DF-A307-DF5384CDF66F}.Debug|Any CPU.ActiveCfg = Debug|Any CPU
		{DF8D05FD-53E2-47DF-A307-DF5384CDF66F}.Debug|Any CPU.Build.0 = Debug|Any CPU
		{DF8D05FD-53E2-47DF-A307-DF5384CDF66F}.Release|Any CPU.ActiveCfg = Release|Any CPU
		{DF8D05FD-53E2-47DF-A307-DF5384CDF66F}.Release|Any CPU.Build.0 = Release|Any CPU
		{EE63EE29-87E3-4080-8AB2-0BE8F29E2CE0}.Debug|Any CPU.ActiveCfg = Debug|Any CPU
		{EE63EE29-87E3-4080-8AB2-0BE8F29E2CE0}.Debug|Any CPU.Build.0 = Debug|Any CPU
		{EE63EE29-87E3-4080-8AB2-0BE8F29E2CE0}.Release|Any CPU.ActiveCfg = Release|Any CPU
		{EE63EE29-87E3-4080-8AB2-0BE8F29E2CE0}.Release|Any CPU.Build.0 = Release|Any CPU
		{6C452477-F942-42B7-B58A-B27D07738F7E}.Debug|Any CPU.ActiveCfg = Debug|Any CPU
		{6C452477-F942-42B7-B58A-B27D07738F7E}.Debug|Any CPU.Build.0 = Debug|Any CPU
		{6C452477-F942-42B7-B58A-B27D07738F7E}.Release|Any CPU.ActiveCfg = Release|Any CPU
		{6C452477-F942-42B7-B58A-B27D07738F7E}.Release|Any CPU.Build.0 = Release|Any CPU
	EndGlobalSection
	GlobalSection(SolutionProperties) = preSolution
		HideSolutionNode = FALSE
	EndGlobalSection
	GlobalSection(ExtensibilityGlobals) = postSolution
		SolutionGuid = {385C21BE-4A50-4EF5-A1C0-4AE73E76CFD5}
	EndGlobalSection
EndGlobal
